// !$*UTF8*$!
{
	archiveVersion = 1;
	classes = {
	};
	objectVersion = 46;
	objects = {

/* Begin PBXBuildFile section */
		4D2E248F18106AF7002E5E7D /* application.iconset in Resources */ = {isa = PBXBuildFile; fileRef = 4D2E248E18106AF7002E5E7D /* application.iconset */; };
		4D4066050F1F45AA001DD407 /* Carbon.framework in Frameworks */ = {isa = PBXBuildFile; fileRef = A95EFB980F17C9F500E1BDA9 /* Carbon.framework */; };
		4D962E180F1C9EF60018CDAA /* icon-file-bin.pdf in Resources */ = {isa = PBXBuildFile; fileRef = 4D962E170F1C9EF60018CDAA /* icon-file-bin.pdf */; };
		4D962E450F1CA50D0018CDAA /* icon-applet.pdf in Resources */ = {isa = PBXBuildFile; fileRef = 4D962E380F1CA50D0018CDAA /* icon-applet.pdf */; };
		4D962E460F1CA50D0018CDAA /* icon-file-txt.pdf in Resources */ = {isa = PBXBuildFile; fileRef = 4D962E390F1CA50D0018CDAA /* icon-file-txt.pdf */; };
		4D962E470F1CA50D0018CDAA /* icon-neo.pdf in Resources */ = {isa = PBXBuildFile; fileRef = 4D962E3A0F1CA50D0018CDAA /* icon-neo.pdf */; };
		4D962E480F1CA50D0018CDAA /* icon-status-clear.pdf in Resources */ = {isa = PBXBuildFile; fileRef = 4D962E3B0F1CA50D0018CDAA /* icon-status-clear.pdf */; };
		4D962E490F1CA50D0018CDAA /* icon-status-green.pdf in Resources */ = {isa = PBXBuildFile; fileRef = 4D962E3C0F1CA50D0018CDAA /* icon-status-green.pdf */; };
		4D962E4A0F1CA50D0018CDAA /* icon-status-red.pdf in Resources */ = {isa = PBXBuildFile; fileRef = 4D962E3D0F1CA50D0018CDAA /* icon-status-red.pdf */; };
		4D962E4B0F1CA50D0018CDAA /* icon-status-yellow.pdf in Resources */ = {isa = PBXBuildFile; fileRef = 4D962E3E0F1CA50D0018CDAA /* icon-status-yellow.pdf */; };
		4D962E4C0F1CA50D0018CDAA /* icon-toolbar-backup.pdf in Resources */ = {isa = PBXBuildFile; fileRef = 4D962E3F0F1CA50D0018CDAA /* icon-toolbar-backup.pdf */; };
		4D962E4D0F1CA50D0018CDAA /* icon-toolbar-delete-disabled.pdf in Resources */ = {isa = PBXBuildFile; fileRef = 4D962E400F1CA50D0018CDAA /* icon-toolbar-delete-disabled.pdf */; };
		4D962E4E0F1CA50D0018CDAA /* icon-toolbar-delete-multiple.pdf in Resources */ = {isa = PBXBuildFile; fileRef = 4D962E410F1CA50D0018CDAA /* icon-toolbar-delete-multiple.pdf */; };
		4D962E4F0F1CA50D0018CDAA /* icon-toolbar-delete-single.pdf in Resources */ = {isa = PBXBuildFile; fileRef = 4D962E420F1CA50D0018CDAA /* icon-toolbar-delete-single.pdf */; };
		4D962E500F1CA50D0018CDAA /* icon-toolbar-info.pdf in Resources */ = {isa = PBXBuildFile; fileRef = 4D962E430F1CA50D0018CDAA /* icon-toolbar-info.pdf */; };
		4D962E510F1CA50D0018CDAA /* icon-toolbar-preview.pdf in Resources */ = {isa = PBXBuildFile; fileRef = 4D962E440F1CA50D0018CDAA /* icon-toolbar-preview.pdf */; };
		4D962E750F1CA73D0018CDAA /* icon-file-noselection.pdf in Resources */ = {isa = PBXBuildFile; fileRef = 4D962E740F1CA73D0018CDAA /* icon-file-noselection.pdf */; };
		4D96309A0F1D172C0018CDAA /* appletdump.cc in Sources */ = {isa = PBXBuildFile; fileRef = 4D9630900F1D15D90018CDAA /* appletdump.cc */; };
		4D9630A10F1D17F30018CDAA /* ASApplet.cc in Sources */ = {isa = PBXBuildFile; fileRef = A99A54660F0D39FF00BC68F1 /* ASApplet.cc */; };
		4D9630AF0F1D432C0018CDAA /* ASSettings.cc in Sources */ = {isa = PBXBuildFile; fileRef = 4D9630AE0F1D432C0018CDAA /* ASSettings.cc */; };
		4DD223AF0F1B5C8F006F004F /* launcher.icns in Resources */ = {isa = PBXBuildFile; fileRef = 4DD223AE0F1B5C8F006F004F /* launcher.icns */; };
		4DF7C99D0F1EB42600619084 /* AlphaSync Help in Resources */ = {isa = PBXBuildFile; fileRef = 4DF7C9840F1EB42600619084 /* AlphaSync Help */; };
		8D11072A0486CEB800E47090 /* MainMenu.nib in Resources */ = {isa = PBXBuildFile; fileRef = 29B97318FDCFA39411CA2CEA /* MainMenu.nib */; };
		8D11072B0486CEB800E47090 /* InfoPlist.strings in Resources */ = {isa = PBXBuildFile; fileRef = 089C165CFE840E0CC02AAC07 /* InfoPlist.strings */; };
		8D11072D0486CEB800E47090 /* main.m in Sources */ = {isa = PBXBuildFile; fileRef = 29B97316FDCFA39411CA2CEA /* main.m */; settings = {ATTRIBUTES = (); }; };
		A95EFA5B0F17C91400E1BDA9 /* aq_launcher.c in Sources */ = {isa = PBXBuildFile; fileRef = A95EFA560F17C90D00E1BDA9 /* aq_launcher.c */; };
		A95EFAE70F17C96A00E1BDA9 /* Cocoa.framework in Frameworks */ = {isa = PBXBuildFile; fileRef = 1058C7A1FEA54F0111CA2CBB /* Cocoa.framework */; };
		A95EFAE80F17C97900E1BDA9 /* Foundation.framework in Frameworks */ = {isa = PBXBuildFile; fileRef = 29B97325FDCFA39411CA2CEA /* Foundation.framework */; };
		A95EFAEA0F17C98F00E1BDA9 /* aq_launchermain.c in Sources */ = {isa = PBXBuildFile; fileRef = A95EFA590F17C90D00E1BDA9 /* aq_launchermain.c */; };
		A95EFAEB0F17C99500E1BDA9 /* IOKit.framework in Frameworks */ = {isa = PBXBuildFile; fileRef = A99A54990F0D3AB700BC68F1 /* IOKit.framework */; };
		A95EFB890F17C99600E1BDA9 /* Foundation.framework in Frameworks */ = {isa = PBXBuildFile; fileRef = 29B97325FDCFA39411CA2CEA /* Foundation.framework */; };
		A95EFB990F17C9F500E1BDA9 /* Carbon.framework in Frameworks */ = {isa = PBXBuildFile; fileRef = A95EFB980F17C9F500E1BDA9 /* Carbon.framework */; };
		A95EFCD90F17CA7600E1BDA9 /* AlphaSyncLauncher.app in Resources */ = {isa = PBXBuildFile; fileRef = A95EFA620F17C94B00E1BDA9 /* AlphaSyncLauncher.app */; };
		A95EFD2C0F17D06000E1BDA9 /* AQFileUtilities.m in Sources */ = {isa = PBXBuildFile; fileRef = A95EFD2B0F17D06000E1BDA9 /* AQFileUtilities.m */; };
		A95EFD360F17D60F00E1BDA9 /* AQFileUtilities.m in Sources */ = {isa = PBXBuildFile; fileRef = A95EFD2B0F17D06000E1BDA9 /* AQFileUtilities.m */; };
		A96033A30F15D66B0046DBC1 /* AQTreeNode.m in Sources */ = {isa = PBXBuildFile; fileRef = A96033A20F15D66B0046DBC1 /* AQTreeNode.m */; };
		A99A4DF20F18D2F400BFDBAB /* ASGenericFile.cc in Sources */ = {isa = PBXBuildFile; fileRef = A99A4DF10F18D2F400BFDBAB /* ASGenericFile.cc */; };
		A99A54540F0D39E400BC68F1 /* ASAppletNode.mm in Sources */ = {isa = PBXBuildFile; fileRef = A99A54390F0D39E400BC68F1 /* ASAppletNode.mm */; };
		A99A54550F0D39E400BC68F1 /* ASApplicationContoller.mm in Sources */ = {isa = PBXBuildFile; fileRef = A99A543B0F0D39E400BC68F1 /* ASApplicationContoller.mm */; };
		A99A54560F0D39E400BC68F1 /* ASBackupController.mm in Sources */ = {isa = PBXBuildFile; fileRef = A99A543D0F0D39E400BC68F1 /* ASBackupController.mm */; };
		A99A54580F0D39E400BC68F1 /* ASDeviceController.mm in Sources */ = {isa = PBXBuildFile; fileRef = A99A54420F0D39E400BC68F1 /* ASDeviceController.mm */; };
		A99A54590F0D39E400BC68F1 /* ASInspectorWindowController.mm in Sources */ = {isa = PBXBuildFile; fileRef = A99A54440F0D39E400BC68F1 /* ASInspectorWindowController.mm */; };
		A99A545A0F0D39E400BC68F1 /* ASDeviceNode.mm in Sources */ = {isa = PBXBuildFile; fileRef = A99A54460F0D39E400BC68F1 /* ASDeviceNode.mm */; };
		A99A545C0F0D39E400BC68F1 /* ASFileNode.mm in Sources */ = {isa = PBXBuildFile; fileRef = A99A544A0F0D39E400BC68F1 /* ASFileNode.mm */; };
		A99A545D0F0D39E400BC68F1 /* ASLoadSaveProtocol.mm in Sources */ = {isa = PBXBuildFile; fileRef = A99A544C0F0D39E400BC68F1 /* ASLoadSaveProtocol.mm */; };
		A99A545E0F0D39E400BC68F1 /* ASNode.mm in Sources */ = {isa = PBXBuildFile; fileRef = A99A544E0F0D39E400BC68F1 /* ASNode.mm */; };
		A99A545F0F0D39E400BC68F1 /* ASNodeDataSource.mm in Sources */ = {isa = PBXBuildFile; fileRef = A99A54500F0D39E400BC68F1 /* ASNodeDataSource.mm */; };
		A99A54600F0D39E400BC68F1 /* ASPreferenceController.mm in Sources */ = {isa = PBXBuildFile; fileRef = A99A54520F0D39E400BC68F1 /* ASPreferenceController.mm */; };
		A99A54630F0D39F400BC68F1 /* AQContainer.cc in Sources */ = {isa = PBXBuildFile; fileRef = A99A54610F0D39F400BC68F1 /* AQContainer.cc */; };
		A99A54750F0D39FF00BC68F1 /* ASAlphaWordFile.cc in Sources */ = {isa = PBXBuildFile; fileRef = A99A54640F0D39FF00BC68F1 /* ASAlphaWordFile.cc */; };
		A99A54760F0D39FF00BC68F1 /* ASApplet.cc in Sources */ = {isa = PBXBuildFile; fileRef = A99A54660F0D39FF00BC68F1 /* ASApplet.cc */; };
		A99A54770F0D39FF00BC68F1 /* ASDevice.cc in Sources */ = {isa = PBXBuildFile; fileRef = A99A54690F0D39FF00BC68F1 /* ASDevice.cc */; };
		A99A54780F0D39FF00BC68F1 /* ASDeviceFactory.cc in Sources */ = {isa = PBXBuildFile; fileRef = A99A546B0F0D39FF00BC68F1 /* ASDeviceFactory.cc */; };
		A99A54790F0D39FF00BC68F1 /* ASFile.cc in Sources */ = {isa = PBXBuildFile; fileRef = A99A546E0F0D39FF00BC68F1 /* ASFile.cc */; };
		A99A547A0F0D39FF00BC68F1 /* ASFileAttributes.cc in Sources */ = {isa = PBXBuildFile; fileRef = A99A54700F0D39FF00BC68F1 /* ASFileAttributes.cc */; };
		A99A547B0F0D39FF00BC68F1 /* ASUserDictionaryFile.cc in Sources */ = {isa = PBXBuildFile; fileRef = A99A54730F0D39FF00BC68F1 /* ASUserDictionaryFile.cc */; };
		A99A549A0F0D3AB700BC68F1 /* IOKit.framework in Frameworks */ = {isa = PBXBuildFile; fileRef = A99A54990F0D3AB700BC68F1 /* IOKit.framework */; };
		A99A54B60F0D43D900BC68F1 /* Backup.nib in Resources */ = {isa = PBXBuildFile; fileRef = A99A54B40F0D43D900BC68F1 /* Backup.nib */; };
		A99A54EF0F0D474F00BC68F1 /* Preferences.nib in Resources */ = {isa = PBXBuildFile; fileRef = A99A54ED0F0D474F00BC68F1 /* Preferences.nib */; };
		A99A54FA0F0D5F5100BC68F1 /* Inspector.nib in Resources */ = {isa = PBXBuildFile; fileRef = A99A54F80F0D5F5100BC68F1 /* Inspector.nib */; };
		A9E5D3710F12BD5B002A9EC3 /* ASFileCell.mm in Sources */ = {isa = PBXBuildFile; fileRef = A9E5D3700F12BD5B002A9EC3 /* ASFileCell.mm */; };
/* End PBXBuildFile section */

/* Begin PBXContainerItemProxy section */
		4D71AF0F1168775300535F73 /* PBXContainerItemProxy */ = {
			isa = PBXContainerItemProxy;
			containerPortal = 29B97313FDCFA39411CA2CEA /* Project object */;
			proxyType = 1;
			remoteGlobalIDString = A95EFA610F17C94B00E1BDA9;
			remoteInfo = AlphaSyncLauncher;
		};
/* End PBXContainerItemProxy section */

/* Begin PBXFileReference section */
		089C165DFE840E0CC02AAC07 /* English */ = {isa = PBXFileReference; fileEncoding = 10; lastKnownFileType = text.plist.strings; name = English; path = English.lproj/InfoPlist.strings; sourceTree = "<group>"; };
		1058C7A1FEA54F0111CA2CBB /* Cocoa.framework */ = {isa = PBXFileReference; lastKnownFileType = wrapper.framework; name = Cocoa.framework; path = /System/Library/Frameworks/Cocoa.framework; sourceTree = "<absolute>"; };
		13E42FB307B3F0F600E4EEF1 /* CoreData.framework */ = {isa = PBXFileReference; lastKnownFileType = wrapper.framework; name = CoreData.framework; path = /System/Library/Frameworks/CoreData.framework; sourceTree = "<absolute>"; };
		29B97316FDCFA39411CA2CEA /* main.m */ = {isa = PBXFileReference; fileEncoding = 4; lastKnownFileType = sourcecode.c.objc; path = main.m; sourceTree = "<group>"; };
		29B97319FDCFA39411CA2CEA /* English */ = {isa = PBXFileReference; lastKnownFileType = wrapper.nib; name = English; path = English.lproj/MainMenu.nib; sourceTree = "<group>"; };
		29B97324FDCFA39411CA2CEA /* AppKit.framework */ = {isa = PBXFileReference; lastKnownFileType = wrapper.framework; name = AppKit.framework; path = /System/Library/Frameworks/AppKit.framework; sourceTree = "<absolute>"; };
		29B97325FDCFA39411CA2CEA /* Foundation.framework */ = {isa = PBXFileReference; lastKnownFileType = wrapper.framework; name = Foundation.framework; path = /System/Library/Frameworks/Foundation.framework; sourceTree = "<absolute>"; };
		32CA4F630368D1EE00C91783 /* AlphaSync_Prefix.pch */ = {isa = PBXFileReference; fileEncoding = 4; lastKnownFileType = sourcecode.c.h; path = AlphaSync_Prefix.pch; sourceTree = "<group>"; };
		4D2E248E18106AF7002E5E7D /* application.iconset */ = {isa = PBXFileReference; lastKnownFileType = folder.iconset; path = application.iconset; sourceTree = "<group>"; };
		4D962E170F1C9EF60018CDAA /* icon-file-bin.pdf */ = {isa = PBXFileReference; lastKnownFileType = image.pdf; name = "icon-file-bin.pdf"; path = "Graphics/icon-file-bin.pdf"; sourceTree = "<group>"; };
		4D962E380F1CA50D0018CDAA /* icon-applet.pdf */ = {isa = PBXFileReference; lastKnownFileType = image.pdf; name = "icon-applet.pdf"; path = "Graphics/icon-applet.pdf"; sourceTree = "<group>"; };
		4D962E390F1CA50D0018CDAA /* icon-file-txt.pdf */ = {isa = PBXFileReference; lastKnownFileType = image.pdf; name = "icon-file-txt.pdf"; path = "Graphics/icon-file-txt.pdf"; sourceTree = "<group>"; };
		4D962E3A0F1CA50D0018CDAA /* icon-neo.pdf */ = {isa = PBXFileReference; lastKnownFileType = image.pdf; name = "icon-neo.pdf"; path = "Graphics/icon-neo.pdf"; sourceTree = "<group>"; };
		4D962E3B0F1CA50D0018CDAA /* icon-status-clear.pdf */ = {isa = PBXFileReference; lastKnownFileType = image.pdf; name = "icon-status-clear.pdf"; path = "Graphics/icon-status-clear.pdf"; sourceTree = "<group>"; };
		4D962E3C0F1CA50D0018CDAA /* icon-status-green.pdf */ = {isa = PBXFileReference; lastKnownFileType = image.pdf; name = "icon-status-green.pdf"; path = "Graphics/icon-status-green.pdf"; sourceTree = "<group>"; };
		4D962E3D0F1CA50D0018CDAA /* icon-status-red.pdf */ = {isa = PBXFileReference; lastKnownFileType = image.pdf; name = "icon-status-red.pdf"; path = "Graphics/icon-status-red.pdf"; sourceTree = "<group>"; };
		4D962E3E0F1CA50D0018CDAA /* icon-status-yellow.pdf */ = {isa = PBXFileReference; lastKnownFileType = image.pdf; name = "icon-status-yellow.pdf"; path = "Graphics/icon-status-yellow.pdf"; sourceTree = "<group>"; };
		4D962E3F0F1CA50D0018CDAA /* icon-toolbar-backup.pdf */ = {isa = PBXFileReference; lastKnownFileType = image.pdf; name = "icon-toolbar-backup.pdf"; path = "Graphics/icon-toolbar-backup.pdf"; sourceTree = "<group>"; };
		4D962E400F1CA50D0018CDAA /* icon-toolbar-delete-disabled.pdf */ = {isa = PBXFileReference; lastKnownFileType = image.pdf; name = "icon-toolbar-delete-disabled.pdf"; path = "Graphics/icon-toolbar-delete-disabled.pdf"; sourceTree = "<group>"; };
		4D962E410F1CA50D0018CDAA /* icon-toolbar-delete-multiple.pdf */ = {isa = PBXFileReference; lastKnownFileType = image.pdf; name = "icon-toolbar-delete-multiple.pdf"; path = "Graphics/icon-toolbar-delete-multiple.pdf"; sourceTree = "<group>"; };
		4D962E420F1CA50D0018CDAA /* icon-toolbar-delete-single.pdf */ = {isa = PBXFileReference; lastKnownFileType = image.pdf; name = "icon-toolbar-delete-single.pdf"; path = "Graphics/icon-toolbar-delete-single.pdf"; sourceTree = "<group>"; };
		4D962E430F1CA50D0018CDAA /* icon-toolbar-info.pdf */ = {isa = PBXFileReference; lastKnownFileType = image.pdf; name = "icon-toolbar-info.pdf"; path = "Graphics/icon-toolbar-info.pdf"; sourceTree = "<group>"; };
		4D962E440F1CA50D0018CDAA /* icon-toolbar-preview.pdf */ = {isa = PBXFileReference; lastKnownFileType = image.pdf; name = "icon-toolbar-preview.pdf"; path = "Graphics/icon-toolbar-preview.pdf"; sourceTree = "<group>"; };
		4D962E740F1CA73D0018CDAA /* icon-file-noselection.pdf */ = {isa = PBXFileReference; lastKnownFileType = image.pdf; name = "icon-file-noselection.pdf"; path = "Graphics/icon-file-noselection.pdf"; sourceTree = "<group>"; };
		4D9630890F1D15A80018CDAA /* AppletDump */ = {isa = PBXFileReference; explicitFileType = "compiled.mach-o.executable"; includeInIndex = 0; path = AppletDump; sourceTree = BUILT_PRODUCTS_DIR; };
		4D9630900F1D15D90018CDAA /* appletdump.cc */ = {isa = PBXFileReference; fileEncoding = 4; lastKnownFileType = sourcecode.cpp.cpp; path = appletdump.cc; sourceTree = "<group>"; };
		4D9630AC0F1D3F2E0018CDAA /* ASSettings.h */ = {isa = PBXFileReference; fileEncoding = 4; lastKnownFileType = sourcecode.c.h; path = ASSettings.h; sourceTree = "<group>"; };
		4D9630AE0F1D432C0018CDAA /* ASSettings.cc */ = {isa = PBXFileReference; fileEncoding = 4; lastKnownFileType = sourcecode.cpp.cpp; path = ASSettings.cc; sourceTree = "<group>"; };
		4DD223AE0F1B5C8F006F004F /* launcher.icns */ = {isa = PBXFileReference; lastKnownFileType = image.icns; name = launcher.icns; path = ../Graphics/launcher.icns; sourceTree = "<group>"; };
		4DF7C9840F1EB42600619084 /* AlphaSync Help */ = {isa = PBXFileReference; lastKnownFileType = folder; path = "AlphaSync Help"; sourceTree = "<group>"; };
		8D1107310486CEB800E47090 /* Info.plist */ = {isa = PBXFileReference; fileEncoding = 4; lastKnownFileType = text.plist; path = Info.plist; sourceTree = "<group>"; };
		8D1107320486CEB800E47090 /* AlphaSync.app */ = {isa = PBXFileReference; explicitFileType = wrapper.application; includeInIndex = 0; path = AlphaSync.app; sourceTree = BUILT_PRODUCTS_DIR; };
		A95EFA560F17C90D00E1BDA9 /* aq_launcher.c */ = {isa = PBXFileReference; fileEncoding = 30; lastKnownFileType = sourcecode.c.c; path = aq_launcher.c; sourceTree = "<group>"; };
		A95EFA570F17C90D00E1BDA9 /* aq_launcher.h */ = {isa = PBXFileReference; fileEncoding = 30; lastKnownFileType = sourcecode.c.h; path = aq_launcher.h; sourceTree = "<group>"; };
		A95EFA580F17C90D00E1BDA9 /* aq_launcherconfig.h */ = {isa = PBXFileReference; fileEncoding = 30; lastKnownFileType = sourcecode.c.h; path = aq_launcherconfig.h; sourceTree = "<group>"; };
		A95EFA590F17C90D00E1BDA9 /* aq_launchermain.c */ = {isa = PBXFileReference; fileEncoding = 30; lastKnownFileType = sourcecode.c.c; path = aq_launchermain.c; sourceTree = "<group>"; };
		A95EFA5A0F17C90D00E1BDA9 /* aq_launcherprivate.h */ = {isa = PBXFileReference; fileEncoding = 30; lastKnownFileType = sourcecode.c.h; path = aq_launcherprivate.h; sourceTree = "<group>"; };
		A95EFA620F17C94B00E1BDA9 /* AlphaSyncLauncher.app */ = {isa = PBXFileReference; explicitFileType = wrapper.application; includeInIndex = 0; path = AlphaSyncLauncher.app; sourceTree = BUILT_PRODUCTS_DIR; };
		A95EFA640F17C94B00E1BDA9 /* AlphaSyncLauncher-Info.plist */ = {isa = PBXFileReference; lastKnownFileType = text.plist.xml; name = "AlphaSyncLauncher-Info.plist"; path = "../AlphaSyncLauncher-Info.plist"; sourceTree = "<group>"; };
		A95EFB980F17C9F500E1BDA9 /* Carbon.framework */ = {isa = PBXFileReference; lastKnownFileType = wrapper.framework; name = Carbon.framework; path = /System/Library/Frameworks/Carbon.framework; sourceTree = "<absolute>"; };
		A95EFD2A0F17D06000E1BDA9 /* AQFileUtilities.h */ = {isa = PBXFileReference; fileEncoding = 4; lastKnownFileType = sourcecode.c.h; path = AQFileUtilities.h; sourceTree = "<group>"; };
		A95EFD2B0F17D06000E1BDA9 /* AQFileUtilities.m */ = {isa = PBXFileReference; fileEncoding = 4; lastKnownFileType = sourcecode.c.objc; path = AQFileUtilities.m; sourceTree = "<group>"; };
		A96033A10F15D66B0046DBC1 /* AQTreeNode.h */ = {isa = PBXFileReference; fileEncoding = 4; lastKnownFileType = sourcecode.c.h; path = AQTreeNode.h; sourceTree = "<group>"; };
		A96033A20F15D66B0046DBC1 /* AQTreeNode.m */ = {isa = PBXFileReference; fileEncoding = 4; lastKnownFileType = sourcecode.c.objc; path = AQTreeNode.m; sourceTree = "<group>"; };
		A99A4DF00F18D2F400BFDBAB /* ASGenericFile.h */ = {isa = PBXFileReference; fileEncoding = 4; lastKnownFileType = sourcecode.c.h; path = ASGenericFile.h; sourceTree = "<group>"; };
		A99A4DF10F18D2F400BFDBAB /* ASGenericFile.cc */ = {isa = PBXFileReference; fileEncoding = 4; lastKnownFileType = sourcecode.cpp.cpp; path = ASGenericFile.cc; sourceTree = "<group>"; };
		A99A54380F0D39E400BC68F1 /* ASAppletNode.h */ = {isa = PBXFileReference; fileEncoding = 30; lastKnownFileType = sourcecode.c.h; path = ASAppletNode.h; sourceTree = "<group>"; };
		A99A54390F0D39E400BC68F1 /* ASAppletNode.mm */ = {isa = PBXFileReference; fileEncoding = 30; lastKnownFileType = sourcecode.cpp.objcpp; path = ASAppletNode.mm; sourceTree = "<group>"; };
		A99A543A0F0D39E400BC68F1 /* ASApplicationContoller.h */ = {isa = PBXFileReference; fileEncoding = 30; lastKnownFileType = sourcecode.c.h; path = ASApplicationContoller.h; sourceTree = "<group>"; };
		A99A543B0F0D39E400BC68F1 /* ASApplicationContoller.mm */ = {isa = PBXFileReference; fileEncoding = 30; lastKnownFileType = sourcecode.cpp.objcpp; path = ASApplicationContoller.mm; sourceTree = "<group>"; };
		A99A543C0F0D39E400BC68F1 /* ASBackupController.h */ = {isa = PBXFileReference; fileEncoding = 30; lastKnownFileType = sourcecode.c.h; path = ASBackupController.h; sourceTree = "<group>"; };
		A99A543D0F0D39E400BC68F1 /* ASBackupController.mm */ = {isa = PBXFileReference; fileEncoding = 30; lastKnownFileType = sourcecode.cpp.objcpp; path = ASBackupController.mm; sourceTree = "<group>"; };
		A99A543E0F0D39E400BC68F1 /* ASDeviceAccessProtocol.h */ = {isa = PBXFileReference; fileEncoding = 30; lastKnownFileType = sourcecode.c.h; path = ASDeviceAccessProtocol.h; sourceTree = "<group>"; };
		A99A54410F0D39E400BC68F1 /* ASDeviceController.h */ = {isa = PBXFileReference; fileEncoding = 30; lastKnownFileType = sourcecode.c.h; path = ASDeviceController.h; sourceTree = "<group>"; };
		A99A54420F0D39E400BC68F1 /* ASDeviceController.mm */ = {isa = PBXFileReference; fileEncoding = 30; lastKnownFileType = sourcecode.cpp.objcpp; path = ASDeviceController.mm; sourceTree = "<group>"; };
		A99A54430F0D39E400BC68F1 /* ASInspectorWindowController.h */ = {isa = PBXFileReference; fileEncoding = 30; lastKnownFileType = sourcecode.c.h; path = ASInspectorWindowController.h; sourceTree = "<group>"; };
		A99A54440F0D39E400BC68F1 /* ASInspectorWindowController.mm */ = {isa = PBXFileReference; fileEncoding = 30; lastKnownFileType = sourcecode.cpp.objcpp; path = ASInspectorWindowController.mm; sourceTree = "<group>"; };
		A99A54450F0D39E400BC68F1 /* ASDeviceNode.h */ = {isa = PBXFileReference; fileEncoding = 30; lastKnownFileType = sourcecode.c.h; path = ASDeviceNode.h; sourceTree = "<group>"; };
		A99A54460F0D39E400BC68F1 /* ASDeviceNode.mm */ = {isa = PBXFileReference; fileEncoding = 30; lastKnownFileType = sourcecode.cpp.objcpp; path = ASDeviceNode.mm; sourceTree = "<group>"; };
		A99A54490F0D39E400BC68F1 /* ASFileNode.h */ = {isa = PBXFileReference; fileEncoding = 30; lastKnownFileType = sourcecode.c.h; path = ASFileNode.h; sourceTree = "<group>"; };
		A99A544A0F0D39E400BC68F1 /* ASFileNode.mm */ = {isa = PBXFileReference; fileEncoding = 30; lastKnownFileType = sourcecode.cpp.objcpp; path = ASFileNode.mm; sourceTree = "<group>"; };
		A99A544B0F0D39E400BC68F1 /* ASLoadSaveProtocol.h */ = {isa = PBXFileReference; fileEncoding = 30; lastKnownFileType = sourcecode.c.h; path = ASLoadSaveProtocol.h; sourceTree = "<group>"; };
		A99A544C0F0D39E400BC68F1 /* ASLoadSaveProtocol.mm */ = {isa = PBXFileReference; fileEncoding = 30; lastKnownFileType = sourcecode.cpp.objcpp; path = ASLoadSaveProtocol.mm; sourceTree = "<group>"; };
		A99A544D0F0D39E400BC68F1 /* ASNode.h */ = {isa = PBXFileReference; fileEncoding = 30; lastKnownFileType = sourcecode.c.h; path = ASNode.h; sourceTree = "<group>"; };
		A99A544E0F0D39E400BC68F1 /* ASNode.mm */ = {isa = PBXFileReference; fileEncoding = 30; lastKnownFileType = sourcecode.cpp.objcpp; path = ASNode.mm; sourceTree = "<group>"; };
		A99A544F0F0D39E400BC68F1 /* ASNodeDataSource.h */ = {isa = PBXFileReference; fileEncoding = 30; lastKnownFileType = sourcecode.c.h; path = ASNodeDataSource.h; sourceTree = "<group>"; };
		A99A54500F0D39E400BC68F1 /* ASNodeDataSource.mm */ = {isa = PBXFileReference; fileEncoding = 30; lastKnownFileType = sourcecode.cpp.objcpp; path = ASNodeDataSource.mm; sourceTree = "<group>"; };
		A99A54510F0D39E400BC68F1 /* ASPreferenceController.h */ = {isa = PBXFileReference; fileEncoding = 30; lastKnownFileType = sourcecode.c.h; path = ASPreferenceController.h; sourceTree = "<group>"; };
		A99A54520F0D39E400BC68F1 /* ASPreferenceController.mm */ = {isa = PBXFileReference; fileEncoding = 30; lastKnownFileType = sourcecode.cpp.objcpp; path = ASPreferenceController.mm; sourceTree = "<group>"; };
		A99A54610F0D39F400BC68F1 /* AQContainer.cc */ = {isa = PBXFileReference; fileEncoding = 30; lastKnownFileType = sourcecode.cpp.cpp; path = AQContainer.cc; sourceTree = "<group>"; };
		A99A54620F0D39F400BC68F1 /* AQContainer.h */ = {isa = PBXFileReference; fileEncoding = 30; lastKnownFileType = sourcecode.c.h; path = AQContainer.h; sourceTree = "<group>"; };
		A99A54640F0D39FF00BC68F1 /* ASAlphaWordFile.cc */ = {isa = PBXFileReference; fileEncoding = 30; lastKnownFileType = sourcecode.cpp.cpp; path = ASAlphaWordFile.cc; sourceTree = "<group>"; };
		A99A54650F0D39FF00BC68F1 /* ASAlphaWordFile.h */ = {isa = PBXFileReference; fileEncoding = 30; lastKnownFileType = sourcecode.c.h; path = ASAlphaWordFile.h; sourceTree = "<group>"; };
		A99A54660F0D39FF00BC68F1 /* ASApplet.cc */ = {isa = PBXFileReference; fileEncoding = 30; lastKnownFileType = sourcecode.cpp.cpp; path = ASApplet.cc; sourceTree = "<group>"; };
		A99A54670F0D39FF00BC68F1 /* ASApplet.h */ = {isa = PBXFileReference; fileEncoding = 30; lastKnownFileType = sourcecode.c.h; path = ASApplet.h; sourceTree = "<group>"; };
		A99A54680F0D39FF00BC68F1 /* ASAppletID.h */ = {isa = PBXFileReference; fileEncoding = 30; lastKnownFileType = sourcecode.c.h; path = ASAppletID.h; sourceTree = "<group>"; };
		A99A54690F0D39FF00BC68F1 /* ASDevice.cc */ = {isa = PBXFileReference; fileEncoding = 30; lastKnownFileType = sourcecode.cpp.cpp; path = ASDevice.cc; sourceTree = "<group>"; };
		A99A546A0F0D39FF00BC68F1 /* ASDevice.h */ = {isa = PBXFileReference; fileEncoding = 30; lastKnownFileType = sourcecode.c.h; path = ASDevice.h; sourceTree = "<group>"; };
		A99A546B0F0D39FF00BC68F1 /* ASDeviceFactory.cc */ = {isa = PBXFileReference; fileEncoding = 30; lastKnownFileType = sourcecode.cpp.cpp; path = ASDeviceFactory.cc; sourceTree = "<group>"; };
		A99A546C0F0D39FF00BC68F1 /* ASDeviceFactory.h */ = {isa = PBXFileReference; fileEncoding = 30; lastKnownFileType = sourcecode.c.h; path = ASDeviceFactory.h; sourceTree = "<group>"; };
		A99A546D0F0D39FF00BC68F1 /* ASEndian.h */ = {isa = PBXFileReference; fileEncoding = 30; lastKnownFileType = sourcecode.c.h; path = ASEndian.h; sourceTree = "<group>"; };
		A99A546E0F0D39FF00BC68F1 /* ASFile.cc */ = {isa = PBXFileReference; fileEncoding = 30; lastKnownFileType = sourcecode.cpp.cpp; path = ASFile.cc; sourceTree = "<group>"; };
		A99A546F0F0D39FF00BC68F1 /* ASFile.h */ = {isa = PBXFileReference; fileEncoding = 30; lastKnownFileType = sourcecode.c.h; path = ASFile.h; sourceTree = "<group>"; };
		A99A54700F0D39FF00BC68F1 /* ASFileAttributes.cc */ = {isa = PBXFileReference; fileEncoding = 30; lastKnownFileType = sourcecode.cpp.cpp; path = ASFileAttributes.cc; sourceTree = "<group>"; };
		A99A54710F0D39FF00BC68F1 /* ASFileAttributes.h */ = {isa = PBXFileReference; fileEncoding = 30; lastKnownFileType = sourcecode.c.h; path = ASFileAttributes.h; sourceTree = "<group>"; };
		A99A54720F0D39FF00BC68F1 /* ASMessage.h */ = {isa = PBXFileReference; fileEncoding = 30; lastKnownFileType = sourcecode.c.h; path = ASMessage.h; sourceTree = "<group>"; };
		A99A54730F0D39FF00BC68F1 /* ASUserDictionaryFile.cc */ = {isa = PBXFileReference; fileEncoding = 30; lastKnownFileType = sourcecode.cpp.cpp; path = ASUserDictionaryFile.cc; sourceTree = "<group>"; };
		A99A54740F0D39FF00BC68F1 /* ASUserDictionaryFile.h */ = {isa = PBXFileReference; fileEncoding = 30; lastKnownFileType = sourcecode.c.h; path = ASUserDictionaryFile.h; sourceTree = "<group>"; };
		A99A54990F0D3AB700BC68F1 /* IOKit.framework */ = {isa = PBXFileReference; lastKnownFileType = wrapper.framework; name = IOKit.framework; path = /System/Library/Frameworks/IOKit.framework; sourceTree = "<absolute>"; };
		A99A54B50F0D43D900BC68F1 /* English */ = {isa = PBXFileReference; lastKnownFileType = wrapper.nib; name = English; path = English.lproj/Backup.nib; sourceTree = "<group>"; };
		A99A54EE0F0D474F00BC68F1 /* English */ = {isa = PBXFileReference; lastKnownFileType = wrapper.nib; name = English; path = English.lproj/Preferences.nib; sourceTree = "<group>"; };
		A99A54F90F0D5F5100BC68F1 /* English */ = {isa = PBXFileReference; lastKnownFileType = wrapper.nib; name = English; path = English.lproj/Inspector.nib; sourceTree = "<group>"; };
		A9E5D36F0F12BD5B002A9EC3 /* ASFileCell.h */ = {isa = PBXFileReference; fileEncoding = 4; lastKnownFileType = sourcecode.c.h; path = ASFileCell.h; sourceTree = "<group>"; };
		A9E5D3700F12BD5B002A9EC3 /* ASFileCell.mm */ = {isa = PBXFileReference; fileEncoding = 4; lastKnownFileType = sourcecode.cpp.objcpp; path = ASFileCell.mm; sourceTree = "<group>"; };
/* End PBXFileReference section */

/* Begin PBXFrameworksBuildPhase section */
		4D9630870F1D15A80018CDAA /* Frameworks */ = {
			isa = PBXFrameworksBuildPhase;
			buildActionMask = 2147483647;
			files = (
			);
			runOnlyForDeploymentPostprocessing = 0;
		};
		8D11072E0486CEB800E47090 /* Frameworks */ = {
			isa = PBXFrameworksBuildPhase;
			buildActionMask = 2147483647;
			files = (
				A99A549A0F0D3AB700BC68F1 /* IOKit.framework in Frameworks */,
				A95EFAE70F17C96A00E1BDA9 /* Cocoa.framework in Frameworks */,
				A95EFAE80F17C97900E1BDA9 /* Foundation.framework in Frameworks */,
				4D4066050F1F45AA001DD407 /* Carbon.framework in Frameworks */,
			);
			runOnlyForDeploymentPostprocessing = 0;
		};
		A95EFA600F17C94B00E1BDA9 /* Frameworks */ = {
			isa = PBXFrameworksBuildPhase;
			buildActionMask = 2147483647;
			files = (
				A95EFAEB0F17C99500E1BDA9 /* IOKit.framework in Frameworks */,
				A95EFB890F17C99600E1BDA9 /* Foundation.framework in Frameworks */,
				A95EFB990F17C9F500E1BDA9 /* Carbon.framework in Frameworks */,
			);
			runOnlyForDeploymentPostprocessing = 0;
		};
/* End PBXFrameworksBuildPhase section */

/* Begin PBXGroup section */
		1058C7A0FEA54F0111CA2CBB /* Linked Frameworks */ = {
			isa = PBXGroup;
			children = (
				1058C7A1FEA54F0111CA2CBB /* Cocoa.framework */,
			);
			name = "Linked Frameworks";
			sourceTree = "<group>";
		};
		1058C7A2FEA54F0111CA2CBB /* Other Frameworks */ = {
			isa = PBXGroup;
			children = (
				29B97324FDCFA39411CA2CEA /* AppKit.framework */,
				13E42FB307B3F0F600E4EEF1 /* CoreData.framework */,
				29B97325FDCFA39411CA2CEA /* Foundation.framework */,
				A99A54990F0D3AB700BC68F1 /* IOKit.framework */,
				A95EFB980F17C9F500E1BDA9 /* Carbon.framework */,
			);
			name = "Other Frameworks";
			sourceTree = "<group>";
		};
		19C28FACFE9D520D11CA2CBB /* Products */ = {
			isa = PBXGroup;
			children = (
				8D1107320486CEB800E47090 /* AlphaSync.app */,
				A95EFA620F17C94B00E1BDA9 /* AlphaSyncLauncher.app */,
				4D9630890F1D15A80018CDAA /* AppletDump */,
			);
			name = Products;
			sourceTree = "<group>";
		};
		29B97314FDCFA39411CA2CEA /* AlphaSync */ = {
			isa = PBXGroup;
			children = (
				4D2E248E18106AF7002E5E7D /* application.iconset */,
				A99A54330F0D39C400BC68F1 /* Application */,
				A95EFA530F17C8EF00E1BDA9 /* Launcher */,
				4D96308D0F1D15B50018CDAA /* AppletDump */,
				A99A54300F0D39A400BC68F1 /* Library */,
				A99A542D0F0D398500BC68F1 /* Driver */,
				29B97315FDCFA39411CA2CEA /* Other Sources */,
				29B97317FDCFA39411CA2CEA /* Resources */,
				29B97323FDCFA39411CA2CEA /* Frameworks */,
				19C28FACFE9D520D11CA2CBB /* Products */,
			);
			name = AlphaSync;
			sourceTree = "<group>";
		};
		29B97315FDCFA39411CA2CEA /* Other Sources */ = {
			isa = PBXGroup;
			children = (
				32CA4F630368D1EE00C91783 /* AlphaSync_Prefix.pch */,
				29B97316FDCFA39411CA2CEA /* main.m */,
			);
			name = "Other Sources";
			sourceTree = "<group>";
		};
		29B97317FDCFA39411CA2CEA /* Resources */ = {
			isa = PBXGroup;
			children = (
				4DF7C9840F1EB42600619084 /* AlphaSync Help */,
				4D962E740F1CA73D0018CDAA /* icon-file-noselection.pdf */,
				4D962E380F1CA50D0018CDAA /* icon-applet.pdf */,
				4D962E390F1CA50D0018CDAA /* icon-file-txt.pdf */,
				4D962E3A0F1CA50D0018CDAA /* icon-neo.pdf */,
				4D962E3B0F1CA50D0018CDAA /* icon-status-clear.pdf */,
				4D962E3C0F1CA50D0018CDAA /* icon-status-green.pdf */,
				4D962E3D0F1CA50D0018CDAA /* icon-status-red.pdf */,
				4D962E3E0F1CA50D0018CDAA /* icon-status-yellow.pdf */,
				4D962E3F0F1CA50D0018CDAA /* icon-toolbar-backup.pdf */,
				4D962E400F1CA50D0018CDAA /* icon-toolbar-delete-disabled.pdf */,
				4D962E410F1CA50D0018CDAA /* icon-toolbar-delete-multiple.pdf */,
				4D962E420F1CA50D0018CDAA /* icon-toolbar-delete-single.pdf */,
				4D962E430F1CA50D0018CDAA /* icon-toolbar-info.pdf */,
				4D962E440F1CA50D0018CDAA /* icon-toolbar-preview.pdf */,
				4D962E170F1C9EF60018CDAA /* icon-file-bin.pdf */,
				8D1107310486CEB800E47090 /* Info.plist */,
				089C165CFE840E0CC02AAC07 /* InfoPlist.strings */,
				29B97318FDCFA39411CA2CEA /* MainMenu.nib */,
				A99A54B40F0D43D900BC68F1 /* Backup.nib */,
				A99A54ED0F0D474F00BC68F1 /* Preferences.nib */,
				A99A54F80F0D5F5100BC68F1 /* Inspector.nib */,
			);
			name = Resources;
			sourceTree = "<group>";
		};
		29B97323FDCFA39411CA2CEA /* Frameworks */ = {
			isa = PBXGroup;
			children = (
				1058C7A0FEA54F0111CA2CBB /* Linked Frameworks */,
				1058C7A2FEA54F0111CA2CBB /* Other Frameworks */,
			);
			name = Frameworks;
			sourceTree = "<group>";
		};
		4D96308D0F1D15B50018CDAA /* AppletDump */ = {
			isa = PBXGroup;
			children = (
				4D9630900F1D15D90018CDAA /* appletdump.cc */,
			);
			path = AppletDump;
			sourceTree = "<group>";
		};
		A95EFA530F17C8EF00E1BDA9 /* Launcher */ = {
			isa = PBXGroup;
			children = (
				A95EFA640F17C94B00E1BDA9 /* AlphaSyncLauncher-Info.plist */,
				A95EFA560F17C90D00E1BDA9 /* aq_launcher.c */,
				A95EFA570F17C90D00E1BDA9 /* aq_launcher.h */,
				A95EFA580F17C90D00E1BDA9 /* aq_launcherconfig.h */,
				A95EFA590F17C90D00E1BDA9 /* aq_launchermain.c */,
				A95EFA5A0F17C90D00E1BDA9 /* aq_launcherprivate.h */,
				4DD223AE0F1B5C8F006F004F /* launcher.icns */,
			);
			path = Launcher;
			sourceTree = "<group>";
		};
		A99A542D0F0D398500BC68F1 /* Driver */ = {
			isa = PBXGroup;
			children = (
				A99A54640F0D39FF00BC68F1 /* ASAlphaWordFile.cc */,
				A99A54650F0D39FF00BC68F1 /* ASAlphaWordFile.h */,
				A99A54660F0D39FF00BC68F1 /* ASApplet.cc */,
				A99A54670F0D39FF00BC68F1 /* ASApplet.h */,
				A99A54680F0D39FF00BC68F1 /* ASAppletID.h */,
				A99A54690F0D39FF00BC68F1 /* ASDevice.cc */,
				A99A546A0F0D39FF00BC68F1 /* ASDevice.h */,
				A99A546B0F0D39FF00BC68F1 /* ASDeviceFactory.cc */,
				A99A546C0F0D39FF00BC68F1 /* ASDeviceFactory.h */,
				A99A546D0F0D39FF00BC68F1 /* ASEndian.h */,
				A99A546E0F0D39FF00BC68F1 /* ASFile.cc */,
				A99A546F0F0D39FF00BC68F1 /* ASFile.h */,
				A99A54700F0D39FF00BC68F1 /* ASFileAttributes.cc */,
				A99A54710F0D39FF00BC68F1 /* ASFileAttributes.h */,
				A99A54720F0D39FF00BC68F1 /* ASMessage.h */,
				A99A54730F0D39FF00BC68F1 /* ASUserDictionaryFile.cc */,
				A99A54740F0D39FF00BC68F1 /* ASUserDictionaryFile.h */,
				A99A4DF00F18D2F400BFDBAB /* ASGenericFile.h */,
				A99A4DF10F18D2F400BFDBAB /* ASGenericFile.cc */,
				4D9630AC0F1D3F2E0018CDAA /* ASSettings.h */,
				4D9630AE0F1D432C0018CDAA /* ASSettings.cc */,
			);
			path = Driver;
			sourceTree = "<group>";
		};
		A99A54300F0D39A400BC68F1 /* Library */ = {
			isa = PBXGroup;
			children = (
				A99A54610F0D39F400BC68F1 /* AQContainer.cc */,
				A99A54620F0D39F400BC68F1 /* AQContainer.h */,
				A96033A10F15D66B0046DBC1 /* AQTreeNode.h */,
				A96033A20F15D66B0046DBC1 /* AQTreeNode.m */,
				A95EFD2A0F17D06000E1BDA9 /* AQFileUtilities.h */,
				A95EFD2B0F17D06000E1BDA9 /* AQFileUtilities.m */,
			);
			path = Library;
			sourceTree = "<group>";
		};
		A99A54330F0D39C400BC68F1 /* Application */ = {
			isa = PBXGroup;
			children = (
				A99A54380F0D39E400BC68F1 /* ASAppletNode.h */,
				A99A54390F0D39E400BC68F1 /* ASAppletNode.mm */,
				A99A543A0F0D39E400BC68F1 /* ASApplicationContoller.h */,
				A99A543B0F0D39E400BC68F1 /* ASApplicationContoller.mm */,
				A99A543C0F0D39E400BC68F1 /* ASBackupController.h */,
				A99A543D0F0D39E400BC68F1 /* ASBackupController.mm */,
				A99A543E0F0D39E400BC68F1 /* ASDeviceAccessProtocol.h */,
				A99A54410F0D39E400BC68F1 /* ASDeviceController.h */,
				A99A54420F0D39E400BC68F1 /* ASDeviceController.mm */,
				A99A54430F0D39E400BC68F1 /* ASInspectorWindowController.h */,
				A99A54440F0D39E400BC68F1 /* ASInspectorWindowController.mm */,
				A99A54450F0D39E400BC68F1 /* ASDeviceNode.h */,
				A99A54460F0D39E400BC68F1 /* ASDeviceNode.mm */,
				A99A54490F0D39E400BC68F1 /* ASFileNode.h */,
				A99A544A0F0D39E400BC68F1 /* ASFileNode.mm */,
				A99A544B0F0D39E400BC68F1 /* ASLoadSaveProtocol.h */,
				A99A544C0F0D39E400BC68F1 /* ASLoadSaveProtocol.mm */,
				A99A544D0F0D39E400BC68F1 /* ASNode.h */,
				A99A544E0F0D39E400BC68F1 /* ASNode.mm */,
				A99A544F0F0D39E400BC68F1 /* ASNodeDataSource.h */,
				A99A54500F0D39E400BC68F1 /* ASNodeDataSource.mm */,
				A99A54510F0D39E400BC68F1 /* ASPreferenceController.h */,
				A99A54520F0D39E400BC68F1 /* ASPreferenceController.mm */,
				A9E5D36F0F12BD5B002A9EC3 /* ASFileCell.h */,
				A9E5D3700F12BD5B002A9EC3 /* ASFileCell.mm */,
			);
			path = Application;
			sourceTree = "<group>";
		};
/* End PBXGroup section */

/* Begin PBXNativeTarget section */
		4D9630880F1D15A80018CDAA /* AppletDump */ = {
			isa = PBXNativeTarget;
			buildConfigurationList = 4D96308E0F1D15B50018CDAA /* Build configuration list for PBXNativeTarget "AppletDump" */;
			buildPhases = (
				4D9630860F1D15A80018CDAA /* Sources */,
				4D9630870F1D15A80018CDAA /* Frameworks */,
			);
			buildRules = (
			);
			dependencies = (
			);
			name = AppletDump;
			productName = AppletDump;
			productReference = 4D9630890F1D15A80018CDAA /* AppletDump */;
			productType = "com.apple.product-type.tool";
		};
		8D1107260486CEB800E47090 /* AlphaSync */ = {
			isa = PBXNativeTarget;
			buildConfigurationList = C01FCF4A08A954540054247B /* Build configuration list for PBXNativeTarget "AlphaSync" */;
			buildPhases = (
				8D1107290486CEB800E47090 /* Resources */,
				8D11072C0486CEB800E47090 /* Sources */,
				8D11072E0486CEB800E47090 /* Frameworks */,
				4DDA9F92180F160A00BA274B /* ShellScript */,
			);
			buildRules = (
			);
			dependencies = (
				4D71AF101168775300535F73 /* PBXTargetDependency */,
			);
			name = AlphaSync;
			productInstallPath = "$(HOME)/Applications";
			productName = AlphaSync;
			productReference = 8D1107320486CEB800E47090 /* AlphaSync.app */;
			productType = "com.apple.product-type.application";
		};
		A95EFA610F17C94B00E1BDA9 /* AlphaSyncLauncher */ = {
			isa = PBXNativeTarget;
			buildConfigurationList = A95EFA650F17C94B00E1BDA9 /* Build configuration list for PBXNativeTarget "AlphaSyncLauncher" */;
			buildPhases = (
				A95EFA5E0F17C94B00E1BDA9 /* Resources */,
				A95EFA5F0F17C94B00E1BDA9 /* Sources */,
				A95EFA600F17C94B00E1BDA9 /* Frameworks */,
				4DDA9F91180F157800BA274B /* ShellScript */,
			);
			buildRules = (
			);
			dependencies = (
			);
			name = AlphaSyncLauncher;
			productName = AlphaSyncLauncher;
			productReference = A95EFA620F17C94B00E1BDA9 /* AlphaSyncLauncher.app */;
			productType = "com.apple.product-type.application";
		};
/* End PBXNativeTarget section */

/* Begin PBXProject section */
		29B97313FDCFA39411CA2CEA /* Project object */ = {
			isa = PBXProject;
			attributes = {
				LastUpgradeCheck = 0410;
			};
			buildConfigurationList = C01FCF4E08A954540054247B /* Build configuration list for PBXProject "AlphaSync" */;
			compatibilityVersion = "Xcode 3.2";
			developmentRegion = English;
			hasScannedForEncodings = 1;
			knownRegions = (
				en,
			);
			mainGroup = 29B97314FDCFA39411CA2CEA /* AlphaSync */;
			projectDirPath = "";
			projectRoot = "";
			targets = (
				8D1107260486CEB800E47090 /* AlphaSync */,
				A95EFA610F17C94B00E1BDA9 /* AlphaSyncLauncher */,
				4D9630880F1D15A80018CDAA /* AppletDump */,
			);
		};
/* End PBXProject section */

/* Begin PBXResourcesBuildPhase section */
		8D1107290486CEB800E47090 /* Resources */ = {
			isa = PBXResourcesBuildPhase;
			buildActionMask = 2147483647;
			files = (
				A95EFCD90F17CA7600E1BDA9 /* AlphaSyncLauncher.app in Resources */,
				8D11072A0486CEB800E47090 /* MainMenu.nib in Resources */,
				8D11072B0486CEB800E47090 /* InfoPlist.strings in Resources */,
				A99A54B60F0D43D900BC68F1 /* Backup.nib in Resources */,
				A99A54EF0F0D474F00BC68F1 /* Preferences.nib in Resources */,
				A99A54FA0F0D5F5100BC68F1 /* Inspector.nib in Resources */,
				4D962E180F1C9EF60018CDAA /* icon-file-bin.pdf in Resources */,
				4D962E450F1CA50D0018CDAA /* icon-applet.pdf in Resources */,
				4D962E460F1CA50D0018CDAA /* icon-file-txt.pdf in Resources */,
				4D962E470F1CA50D0018CDAA /* icon-neo.pdf in Resources */,
				4D962E480F1CA50D0018CDAA /* icon-status-clear.pdf in Resources */,
				4D962E490F1CA50D0018CDAA /* icon-status-green.pdf in Resources */,
				4D962E4A0F1CA50D0018CDAA /* icon-status-red.pdf in Resources */,
				4D962E4B0F1CA50D0018CDAA /* icon-status-yellow.pdf in Resources */,
				4D962E4C0F1CA50D0018CDAA /* icon-toolbar-backup.pdf in Resources */,
				4D962E4D0F1CA50D0018CDAA /* icon-toolbar-delete-disabled.pdf in Resources */,
				4D962E4E0F1CA50D0018CDAA /* icon-toolbar-delete-multiple.pdf in Resources */,
				4D962E4F0F1CA50D0018CDAA /* icon-toolbar-delete-single.pdf in Resources */,
				4D962E500F1CA50D0018CDAA /* icon-toolbar-info.pdf in Resources */,
				4D962E510F1CA50D0018CDAA /* icon-toolbar-preview.pdf in Resources */,
				4D962E750F1CA73D0018CDAA /* icon-file-noselection.pdf in Resources */,
				4DF7C99D0F1EB42600619084 /* AlphaSync Help in Resources */,
				4D2E248F18106AF7002E5E7D /* application.iconset in Resources */,
			);
			runOnlyForDeploymentPostprocessing = 0;
		};
		A95EFA5E0F17C94B00E1BDA9 /* Resources */ = {
			isa = PBXResourcesBuildPhase;
			buildActionMask = 2147483647;
			files = (
				4DD223AF0F1B5C8F006F004F /* launcher.icns in Resources */,
			);
			runOnlyForDeploymentPostprocessing = 0;
		};
/* End PBXResourcesBuildPhase section */

/* Begin PBXShellScriptBuildPhase section */
		4DDA9F91180F157800BA274B /* ShellScript */ = {
			isa = PBXShellScriptBuildPhase;
			buildActionMask = 2147483647;
			files = (
			);
			inputPaths = (
			);
			outputPaths = (
			);
			runOnlyForDeploymentPostprocessing = 0;
			shellPath = /bin/sh;
			shellScript = "# Apply codesigning here rather than in the project (so that a SHA1 hash can be used as the identity).\nif [ ${CONFIGURATION} != \"Debug\" ] ; then\n  echo \"Stripping release build\"\n  /usr/bin/strip \"${BUILT_PRODUCTS_DIR}/${EXECUTABLE_PATH}\"\nfi\n\necho \"Applying app codesigning ${BUILT_PRODUCTS_DIR}/${WRAPPER_NAME}\"\n/usr/bin/codesign --force --sign \"0ce5fa2ff1f7e47a85df62f2ab16f943a213b85d\" \"${BUILT_PRODUCTS_DIR}/${WRAPPER_NAME}\"\n";
		};
		4DDA9F92180F160A00BA274B /* ShellScript */ = {
			isa = PBXShellScriptBuildPhase;
			buildActionMask = 2147483647;
			files = (
			);
			inputPaths = (
			);
			outputPaths = (
			);
			runOnlyForDeploymentPostprocessing = 0;
			shellPath = /bin/sh;
			shellScript = "# Apply codesigning here rather than in the project (so that a SHA1 hash can be used as the identity).\nif [ ${CONFIGURATION} != \"Debug\" ] ; then\n  echo \"Stripping release build\"\n  /usr/bin/strip \"${BUILT_PRODUCTS_DIR}/${EXECUTABLE_PATH}\"\nfi\n\necho \"Applying app codesigning ${BUILT_PRODUCTS_DIR}/${WRAPPER_NAME}\"\n/usr/bin/codesign --force --sign \"0ce5fa2ff1f7e47a85df62f2ab16f943a213b85d\" \"${BUILT_PRODUCTS_DIR}/${WRAPPER_NAME}\"\n";
		};
/* End PBXShellScriptBuildPhase section */

/* Begin PBXSourcesBuildPhase section */
		4D9630860F1D15A80018CDAA /* Sources */ = {
			isa = PBXSourcesBuildPhase;
			buildActionMask = 2147483647;
			files = (
				4D96309A0F1D172C0018CDAA /* appletdump.cc in Sources */,
				4D9630A10F1D17F30018CDAA /* ASApplet.cc in Sources */,
			);
			runOnlyForDeploymentPostprocessing = 0;
		};
		8D11072C0486CEB800E47090 /* Sources */ = {
			isa = PBXSourcesBuildPhase;
			buildActionMask = 2147483647;
			files = (
				8D11072D0486CEB800E47090 /* main.m in Sources */,
				A99A54540F0D39E400BC68F1 /* ASAppletNode.mm in Sources */,
				A99A54550F0D39E400BC68F1 /* ASApplicationContoller.mm in Sources */,
				A99A54560F0D39E400BC68F1 /* ASBackupController.mm in Sources */,
				A99A54580F0D39E400BC68F1 /* ASDeviceController.mm in Sources */,
				A99A54590F0D39E400BC68F1 /* ASInspectorWindowController.mm in Sources */,
				A99A545A0F0D39E400BC68F1 /* ASDeviceNode.mm in Sources */,
				A99A545C0F0D39E400BC68F1 /* ASFileNode.mm in Sources */,
				A99A545D0F0D39E400BC68F1 /* ASLoadSaveProtocol.mm in Sources */,
				A99A545E0F0D39E400BC68F1 /* ASNode.mm in Sources */,
				A99A545F0F0D39E400BC68F1 /* ASNodeDataSource.mm in Sources */,
				A99A54600F0D39E400BC68F1 /* ASPreferenceController.mm in Sources */,
				A99A54630F0D39F400BC68F1 /* AQContainer.cc in Sources */,
				A99A54750F0D39FF00BC68F1 /* ASAlphaWordFile.cc in Sources */,
				A99A54760F0D39FF00BC68F1 /* ASApplet.cc in Sources */,
				A99A54770F0D39FF00BC68F1 /* ASDevice.cc in Sources */,
				A99A54780F0D39FF00BC68F1 /* ASDeviceFactory.cc in Sources */,
				A99A54790F0D39FF00BC68F1 /* ASFile.cc in Sources */,
				A99A547A0F0D39FF00BC68F1 /* ASFileAttributes.cc in Sources */,
				A99A547B0F0D39FF00BC68F1 /* ASUserDictionaryFile.cc in Sources */,
				A9E5D3710F12BD5B002A9EC3 /* ASFileCell.mm in Sources */,
				A96033A30F15D66B0046DBC1 /* AQTreeNode.m in Sources */,
				A95EFA5B0F17C91400E1BDA9 /* aq_launcher.c in Sources */,
				A95EFD360F17D60F00E1BDA9 /* AQFileUtilities.m in Sources */,
				A99A4DF20F18D2F400BFDBAB /* ASGenericFile.cc in Sources */,
				4D9630AF0F1D432C0018CDAA /* ASSettings.cc in Sources */,
			);
			runOnlyForDeploymentPostprocessing = 0;
		};
		A95EFA5F0F17C94B00E1BDA9 /* Sources */ = {
			isa = PBXSourcesBuildPhase;
			buildActionMask = 2147483647;
			files = (
				A95EFAEA0F17C98F00E1BDA9 /* aq_launchermain.c in Sources */,
				A95EFD2C0F17D06000E1BDA9 /* AQFileUtilities.m in Sources */,
			);
			runOnlyForDeploymentPostprocessing = 0;
		};
/* End PBXSourcesBuildPhase section */

/* Begin PBXTargetDependency section */
		4D71AF101168775300535F73 /* PBXTargetDependency */ = {
			isa = PBXTargetDependency;
			target = A95EFA610F17C94B00E1BDA9 /* AlphaSyncLauncher */;
			targetProxy = 4D71AF0F1168775300535F73 /* PBXContainerItemProxy */;
		};
/* End PBXTargetDependency section */

/* Begin PBXVariantGroup section */
		089C165CFE840E0CC02AAC07 /* InfoPlist.strings */ = {
			isa = PBXVariantGroup;
			children = (
				089C165DFE840E0CC02AAC07 /* English */,
			);
			name = InfoPlist.strings;
			sourceTree = "<group>";
		};
		29B97318FDCFA39411CA2CEA /* MainMenu.nib */ = {
			isa = PBXVariantGroup;
			children = (
				29B97319FDCFA39411CA2CEA /* English */,
			);
			name = MainMenu.nib;
			sourceTree = "<group>";
		};
		A99A54B40F0D43D900BC68F1 /* Backup.nib */ = {
			isa = PBXVariantGroup;
			children = (
				A99A54B50F0D43D900BC68F1 /* English */,
			);
			name = Backup.nib;
			sourceTree = "<group>";
		};
		A99A54ED0F0D474F00BC68F1 /* Preferences.nib */ = {
			isa = PBXVariantGroup;
			children = (
				A99A54EE0F0D474F00BC68F1 /* English */,
			);
			name = Preferences.nib;
			sourceTree = "<group>";
		};
		A99A54F80F0D5F5100BC68F1 /* Inspector.nib */ = {
			isa = PBXVariantGroup;
			children = (
				A99A54F90F0D5F5100BC68F1 /* English */,
			);
			name = Inspector.nib;
			sourceTree = "<group>";
		};
/* End PBXVariantGroup section */

/* Begin XCBuildConfiguration section */
		4D96308B0F1D15A90018CDAA /* Debug */ = {
			isa = XCBuildConfiguration;
			buildSettings = {
				ALWAYS_SEARCH_USER_PATHS = NO;
				ARCHS = "$(ARCHS_STANDARD_32_64_BIT)";
				COPY_PHASE_STRIP = NO;
				GCC_DYNAMIC_NO_PIC = NO;
				GCC_MODEL_TUNING = G5;
				GCC_OPTIMIZATION_LEVEL = 0;
				GCC_PRECOMPILE_PREFIX_HEADER = NO;
				GCC_PREFIX_HEADER = "";
				GCC_VERSION = com.apple.compilers.llvm.clang.1_0;
				INSTALL_PATH = /usr/local/bin;
				PRODUCT_NAME = AppletDump;
			};
			name = Debug;
		};
		4D96308C0F1D15A90018CDAA /* Release */ = {
			isa = XCBuildConfiguration;
			buildSettings = {
				ALWAYS_SEARCH_USER_PATHS = NO;
				ARCHS = "$(ARCHS_STANDARD_32_64_BIT)";
				COPY_PHASE_STRIP = YES;
				DEBUG_INFORMATION_FORMAT = "dwarf-with-dsym";
				GCC_MODEL_TUNING = G5;
				GCC_PRECOMPILE_PREFIX_HEADER = NO;
				GCC_PREFIX_HEADER = "";
				GCC_VERSION = com.apple.compilers.llvm.clang.1_0;
				INSTALL_PATH = /usr/local/bin;
				PRODUCT_NAME = AppletDump;
				ZERO_LINK = NO;
			};
			name = Release;
		};
		A95EFA660F17C94B00E1BDA9 /* Debug */ = {
			isa = XCBuildConfiguration;
			buildSettings = {
				ARCHS = "$(ARCHS_STANDARD_32_64_BIT)";
				COPY_PHASE_STRIP = NO;
				GCC_DYNAMIC_NO_PIC = NO;
				GCC_GENERATE_DEBUGGING_SYMBOLS = YES;
				GCC_MODEL_TUNING = G5;
				GCC_OPTIMIZATION_LEVEL = 0;
				GCC_PRECOMPILE_PREFIX_HEADER = NO;
				GCC_PREFIX_HEADER = "";
				GCC_VERSION = com.apple.compilers.llvm.clang.1_0;
				INFOPLIST_FILE = "AlphaSyncLauncher-Info.plist";
				INSTALL_PATH = "$(HOME)/Applications";
				OTHER_LDFLAGS = (
					"-framework",
					Foundation,
				);
				PRODUCT_NAME = AlphaSyncLauncher;
				WRAPPER_EXTENSION = app;
				ZERO_LINK = YES;
			};
			name = Debug;
		};
		A95EFA670F17C94B00E1BDA9 /* Release */ = {
			isa = XCBuildConfiguration;
			buildSettings = {
				ARCHS = "$(ARCHS_STANDARD_32_64_BIT)";
				COPY_PHASE_STRIP = NO;
				GCC_GENERATE_DEBUGGING_SYMBOLS = NO;
				GCC_MODEL_TUNING = G5;
				GCC_PRECOMPILE_PREFIX_HEADER = NO;
				GCC_PREFIX_HEADER = "";
				GCC_VERSION = com.apple.compilers.llvm.clang.1_0;
				INFOPLIST_FILE = "AlphaSyncLauncher-Info.plist";
				INSTALL_PATH = "$(HOME)/Applications";
				OTHER_LDFLAGS = (
					"-framework",
					Foundation,
				);
				PRODUCT_NAME = AlphaSyncLauncher;
				WRAPPER_EXTENSION = app;
				ZERO_LINK = NO;
			};
			name = Release;
		};
		C01FCF4B08A954540054247B /* Debug */ = {
			isa = XCBuildConfiguration;
			buildSettings = {
				ARCHS = "$(ARCHS_STANDARD_32_64_BIT)";
				COPY_PHASE_STRIP = NO;
				GCC_DYNAMIC_NO_PIC = NO;
				GCC_MODEL_TUNING = G5;
				GCC_OPTIMIZATION_LEVEL = 0;
				GCC_VERSION = com.apple.compilers.llvm.clang.1_0;
				INFOPLIST_FILE = Info.plist;
				INSTALL_PATH = "$(HOME)/Applications";
				PRODUCT_NAME = AlphaSync;
				WRAPPER_EXTENSION = app;
				ZERO_LINK = YES;
			};
			name = Debug;
		};
		C01FCF4C08A954540054247B /* Release */ = {
			isa = XCBuildConfiguration;
			buildSettings = {
				ARCHS = "$(ARCHS_STANDARD_32_64_BIT)";
				GCC_GENERATE_DEBUGGING_SYMBOLS = NO;
				GCC_MODEL_TUNING = G5;
				GCC_VERSION = com.apple.compilers.llvm.clang.1_0;
				INFOPLIST_FILE = Info.plist;
				INSTALL_PATH = "$(HOME)/Applications";
				PRODUCT_NAME = AlphaSync;
				WRAPPER_EXTENSION = app;
			};
			name = Release;
		};
		C01FCF4F08A954540054247B /* Debug */ = {
			isa = XCBuildConfiguration;
			buildSettings = {
				ARCHS = "$(ARCHS_STANDARD_32_64_BIT)";
				CLANG_WARN_IMPLICIT_SIGN_CONVERSION = YES;
				CODE_SIGN_IDENTITY = "";
				COPY_PHASE_STRIP = NO;
				DEAD_CODE_STRIPPING = NO;
				GCC_C_LANGUAGE_STANDARD = c99;
				GCC_ENABLE_CPP_EXCEPTIONS = NO;
				GCC_ENABLE_CPP_RTTI = NO;
				GCC_FAST_OBJC_DISPATCH = NO;
				GCC_VERSION = 4.0;
				GCC_WARN_ABOUT_MISSING_NEWLINE = YES;
				GCC_WARN_ABOUT_MISSING_PROTOTYPES = YES;
				GCC_WARN_ABOUT_RETURN_TYPE = YES;
				GCC_WARN_CHECK_SWITCH_STATEMENTS = YES;
				GCC_WARN_EFFECTIVE_CPLUSPLUS_VIOLATIONS = YES;
				GCC_WARN_HIDDEN_VIRTUAL_FUNCTIONS = YES;
				GCC_WARN_INITIALIZER_NOT_FULLY_BRACKETED = YES;
				GCC_WARN_MISSING_PARENTHESES = YES;
				GCC_WARN_NON_VIRTUAL_DESTRUCTOR = YES;
				GCC_WARN_SHADOW = YES;
				GCC_WARN_SIGN_COMPARE = YES;
				GCC_WARN_TYPECHECK_CALLS_TO_PRINTF = YES;
				GCC_WARN_UNINITIALIZED_AUTOS = NO;
				GCC_WARN_UNUSED_FUNCTION = YES;
				GCC_WARN_UNUSED_LABEL = YES;
				GCC_WARN_UNUSED_PARAMETER = YES;
				GCC_WARN_UNUSED_VALUE = YES;
				GCC_WARN_UNUSED_VARIABLE = YES;
				MACOSX_DEPLOYMENT_TARGET = 10.5;
				ONLY_LINK_ESSENTIAL_SYMBOLS = NO;
				STRIP_INSTALLED_PRODUCT = NO;
			};
			name = Debug;
		};
		C01FCF5008A954540054247B /* Release */ = {
			isa = XCBuildConfiguration;
			buildSettings = {
				ARCHS = "$(ARCHS_STANDARD_32_64_BIT)";
				CLANG_WARN_IMPLICIT_SIGN_CONVERSION = YES;
				CODE_SIGN_IDENTITY = "";
				COPY_PHASE_STRIP = NO;
				DEAD_CODE_STRIPPING = NO;
				GCC_C_LANGUAGE_STANDARD = c99;
				GCC_ENABLE_CPP_EXCEPTIONS = NO;
				GCC_ENABLE_CPP_RTTI = NO;
				GCC_FAST_OBJC_DISPATCH = NO;
				GCC_VERSION = 4.0;
				GCC_WARN_ABOUT_MISSING_NEWLINE = YES;
				GCC_WARN_ABOUT_MISSING_PROTOTYPES = YES;
				GCC_WARN_ABOUT_RETURN_TYPE = YES;
				GCC_WARN_CHECK_SWITCH_STATEMENTS = YES;
				GCC_WARN_EFFECTIVE_CPLUSPLUS_VIOLATIONS = YES;
				GCC_WARN_HIDDEN_VIRTUAL_FUNCTIONS = YES;
				GCC_WARN_INITIALIZER_NOT_FULLY_BRACKETED = YES;
				GCC_WARN_MISSING_PARENTHESES = YES;
				GCC_WARN_NON_VIRTUAL_DESTRUCTOR = YES;
				GCC_WARN_SHADOW = YES;
				GCC_WARN_SIGN_COMPARE = YES;
				GCC_WARN_TYPECHECK_CALLS_TO_PRINTF = YES;
				GCC_WARN_UNINITIALIZED_AUTOS = YES;
				GCC_WARN_UNUSED_FUNCTION = YES;
				GCC_WARN_UNUSED_LABEL = YES;
				GCC_WARN_UNUSED_PARAMETER = YES;
				GCC_WARN_UNUSED_VALUE = YES;
				GCC_WARN_UNUSED_VARIABLE = YES;
				MACOSX_DEPLOYMENT_TARGET = 10.5;
				ONLY_LINK_ESSENTIAL_SYMBOLS = NO;
				STRIP_INSTALLED_PRODUCT = NO;
			};
			name = Release;
		};
/* End XCBuildConfiguration section */

/* Begin XCConfigurationList section */
		4D96308E0F1D15B50018CDAA /* Build configuration list for PBXNativeTarget "AppletDump" */ = {
			isa = XCConfigurationList;
			buildConfigurations = (
				4D96308B0F1D15A90018CDAA /* Debug */,
				4D96308C0F1D15A90018CDAA /* Release */,
			);
			defaultConfigurationIsVisible = 0;
			defaultConfigurationName = Release;
		};
		A95EFA650F17C94B00E1BDA9 /* Build configuration list for PBXNativeTarget "AlphaSyncLauncher" */ = {
			isa = XCConfigurationList;
			buildConfigurations = (
				A95EFA660F17C94B00E1BDA9 /* Debug */,
				A95EFA670F17C94B00E1BDA9 /* Release */,
			);
			defaultConfigurationIsVisible = 0;
			defaultConfigurationName = Release;
		};
		C01FCF4A08A954540054247B /* Build configuration list for PBXNativeTarget "AlphaSync" */ = {
			isa = XCConfigurationList;
			buildConfigurations = (
				C01FCF4B08A954540054247B /* Debug */,
				C01FCF4C08A954540054247B /* Release */,
			);
			defaultConfigurationIsVisible = 0;
			defaultConfigurationName = Release;
		};
		C01FCF4E08A954540054247B /* Build configuration list for PBXProject "AlphaSync" */ = {
			isa = XCConfigurationList;
			buildConfigurations = (
				C01FCF4F08A954540054247B /* Debug */,
				C01FCF5008A954540054247B /* Release */,
			);
			defaultConfigurationIsVisible = 0;
			defaultConfigurationName = Release;
		};
/* End XCConfigurationList section */
	};
	rootObject = 29B97313FDCFA39411CA2CEA /* Project object */;
}
